PODS:
  - FBSnapshotTestCase (2.1.4):
    - FBSnapshotTestCase/SwiftSupport (= 2.1.4)
  - FBSnapshotTestCase/Core (2.1.4)
  - FBSnapshotTestCase/SwiftSupport (2.1.4):
    - FBSnapshotTestCase/Core
  - ZKCategories/Core (0.3.21)
  - ZKCategories/ZKKVOSAFE (0.3.21):
    - ZKCategories/Core

DEPENDENCIES:
  - FBSnapshotTestCase
  - ZKCategories/ZKKVOSAFE (from `../`)

SPEC REPOS:
  https://mirrors.tuna.tsinghua.edu.cn/git/CocoaPods/Specs.git:
    - FBSnapshotTestCase

EXTERNAL SOURCES:
  ZKCategories:
    :path: "../"

SPEC CHECKSUMS:
  FBSnapshotTestCase: 094f9f314decbabe373b87cc339bea235a63e07a
  ZKCategories: 56ec57ab796f80cf2b797b77db02f3f95d4960e6

PODFILE CHECKSUM: c390973306fa39af7f503c2f377471754bc47087

COCOAPODS: 1.15.2
