PODS:
  - FBSnapshotTestCase (2.1.4):
    - FBSnapshotTestCase/SwiftSupport (= 2.1.4)
  - FBSnapshotTestCase/Core (2.1.4)
  - FBSnapshotTestCase/SwiftSupport (2.1.4):
    - FBSnapshotTestCase/Core
  - ZKCategories/Core (0.3.1)
  - ZKCategories/ZKKVOSAFE (0.3.1):
    - ZKCategories/Core

DEPENDENCIES:
  - FBSnapshotTestCase
  - ZKCategories/ZKKVOSAFE (from `../`)

SPEC REPOS:
  https://github.com/CocoaPods/Specs.git:
    - FBSnapshotTestCase

EXTERNAL SOURCES:
  ZKCategories:
    :path: "../"

SPEC CHECKSUMS:
  FBSnapshotTestCase: 094f9f314decbabe373b87cc339bea235a63e07a
  ZKCategories: df2a2cb9eb1e3f64abd731cc0ee9cf87ea2c65a1

PODFILE CHECKSUM: df5b6c711fd4332bd95ab6b941877ccac7ae630f

COCOAPODS: 1.9.1
