PODS:
  - FBSnapshotTestCase (2.1.4):
    - FBSnapshotTestCase/SwiftSupport (= 2.1.4)
  - FBSnapshotTestCase/Core (2.1.4)
  - FBSnapshotTestCase/SwiftSupport (2.1.4):
    - FBSnapshotTestCase/Core
  - ZKCategories/Core (0.4.6)
  - ZKCategories/ZKKVOSAFE (0.4.6):
    - ZKCategories/Core

DEPENDENCIES:
  - FBSnapshotTestCase
  - ZKCategories/ZKKVOSAFE (from `../`)

SPEC REPOS:
  https://mirrors.tuna.tsinghua.edu.cn/git/CocoaPods/Specs.git:
    - FBSnapshotTestCase

EXTERNAL SOURCES:
  ZKCategories:
    :path: "../"

SPEC CHECKSUMS:
  FBSnapshotTestCase: 094f9f314decbabe373b87cc339bea235a63e07a
  ZKCategories: bb9a5bc8875398862684f4a608c6c05c4a0414d1

PODFILE CHECKSUM: c390973306fa39af7f503c2f377471754bc47087

COCOAPODS: 1.15.2
